
Microsoft Visual Studio Solution File, Format Version 12.00
# Visual Studio Version 16
VisualStudioVersion = 16.0.29519.87
MinimumVisualStudioVersion = 10.0.40219.1
Project("{FAE04EC0-301F-11D3-BF4B-00C04F79EFBC}") = "InfluxNetCore", "InfluxNetCore.csproj", "{0D1A493C-59C5-4386-93D5-D87B4346C3FD}"
EndProject
Global
	GlobalSection(SolutionConfigurationPlatforms) = preSolution
		Debug|Any CPU = Debug|Any CPU
		Release|Any CPU = Release|Any CPU
	EndGlobalSection
	GlobalSection(ProjectConfigurationPlatforms) = postSolution
		{0D1A493C-59C5-4386-93D5-D87B4346C3FD}.Debug|Any CPU.ActiveCfg = Debug|Any CPU
		{0D1A493C-59C5-4386-93D5-D87B4346C3FD}.Debug|Any CPU.Build.0 = Debug|Any CPU
		{0D1A493C-59C5-4386-93D5-D87B4346C3FD}.Release|Any CPU.ActiveCfg = Release|Any CPU
		{0D1A493C-59C5-4386-93D5-D87B4346C3FD}.Release|Any CPU.Build.0 = Release|Any CPU
	EndGlobalSection
	GlobalSection(SolutionProperties) = preSolution
		HideSolutionNode = FALSE
	EndGlobalSection
	GlobalSection(ExtensibilityGlobals) = postSolution
		SolutionGuid = {6E00C56F-3930-494B-969C-CFE8E3625AF4}
	EndGlobalSection
EndGlobal
